
Microsoft Visual Studio Solution File, Format Version 12.00
# Visual Studio Version 17
VisualStudioVersion = 17.7.34221.43
MinimumVisualStudioVersion = 10.0.40219.1
Project("{FAE04EC0-301F-11D3-BF4B-00C04F79EFBC}") = "Dealer API", "Dealer API.csproj", "{1A254DFA-D190-40D4-9CAB-0255B3C148DB}"
EndProject
Global
	GlobalSection(SolutionConfigurationPlatforms) = preSolution
		Debug|Any CPU = Debug|Any CPU
		Release|Any CPU = Release|Any CPU
	EndGlobalSection
	GlobalSection(ProjectConfigurationPlatforms) = postSolution
		{1A254DFA-D190-40D4-9CAB-0255B3C148DB}.Debug|Any CPU.ActiveCfg = Debug|Any CPU
		{1A254DFA-D190-40D4-9CAB-0255B3C148DB}.Debug|Any CPU.Build.0 = Debug|Any CPU
		{1A254DFA-D190-40D4-9CAB-0255B3C148DB}.Release|Any CPU.ActiveCfg = Release|Any CPU
		{1A254DFA-D190-40D4-9CAB-0255B3C148DB}.Release|Any CPU.Build.0 = Release|Any CPU
	EndGlobalSection
	GlobalSection(SolutionProperties) = preSolution
		HideSolutionNode = FALSE
	EndGlobalSection
	GlobalSection(ExtensibilityGlobals) = postSolution
		SolutionGuid = {8A4A24D6-E6D7-431F-BCE6-E7026FC19286}
	EndGlobalSection
EndGlobal
